
Microsoft Visual Studio Solution File, Format Version 12.00
# Visual Studio Version 17
VisualStudioVersion = 17.5.002.0
MinimumVisualStudioVersion = 10.0.40219.1
Project("{9A19103F-16F7-4668-BE54-9A1E7A4F7556}") = "clase16-pe-jccastillop", "clase16-pe-jccastillop.csproj", "{4B29AB31-1102-4465-87E7-3EC1DF87E5FF}"
EndProject
Global
	GlobalSection(SolutionConfigurationPlatforms) = preSolution
		Debug|Any CPU = Debug|Any CPU
		Release|Any CPU = Release|Any CPU
	EndGlobalSection
	GlobalSection(ProjectConfigurationPlatforms) = postSolution
		{4B29AB31-1102-4465-87E7-3EC1DF87E5FF}.Debug|Any CPU.ActiveCfg = Debug|Any CPU
		{4B29AB31-1102-4465-87E7-3EC1DF87E5FF}.Debug|Any CPU.Build.0 = Debug|Any CPU
		{4B29AB31-1102-4465-87E7-3EC1DF87E5FF}.Release|Any CPU.ActiveCfg = Release|Any CPU
		{4B29AB31-1102-4465-87E7-3EC1DF87E5FF}.Release|Any CPU.Build.0 = Release|Any CPU
	EndGlobalSection
	GlobalSection(SolutionProperties) = preSolution
		HideSolutionNode = FALSE
	EndGlobalSection
	GlobalSection(ExtensibilityGlobals) = postSolution
		SolutionGuid = {C64DA746-6842-4BF1-9084-A28CAAEFD5BA}
	EndGlobalSection
EndGlobal
